
Microsoft Visual Studio Solution File, Format Version 12.00
# Visual Studio Version 16
VisualStudioVersion = 16.0.31205.134
MinimumVisualStudioVersion = 10.0.40219.1
Project("{9A19103F-16F7-4668-BE54-9A1E7A4F7556}") = "LabReservation.UI", "LabReservation.UI\LabReservation.UI.csproj", "{075330BA-7758-48AE-9FA8-CE93E5ECD8E1}"
EndProject
Project("{9A19103F-16F7-4668-BE54-9A1E7A4F7556}") = "LabReservation.Services", "LabReservation.Services\LabReservation.Services.csproj", "{3E43643B-10F6-4ECC-8792-F75BCE536053}"
EndProject
Project("{FAE04EC0-301F-11D3-BF4B-00C04F79EFBC}") = "LabReservation.Data", "LabReservation.Data\LabReservation.Data.csproj", "{5C535C4D-8FF7-4335-993A-D9649F6D28BE}"
EndProject
Global
	GlobalSection(SolutionConfigurationPlatforms) = preSolution
		Debug|Any CPU = Debug|Any CPU
		Release|Any CPU = Release|Any CPU
	EndGlobalSection
	GlobalSection(ProjectConfigurationPlatforms) = postSolution
		{075330BA-7758-48AE-9FA8-CE93E5ECD8E1}.Debug|Any CPU.ActiveCfg = Debug|Any CPU
		{075330BA-7758-48AE-9FA8-CE93E5ECD8E1}.Debug|Any CPU.Build.0 = Debug|Any CPU
		{075330BA-7758-48AE-9FA8-CE93E5ECD8E1}.Release|Any CPU.ActiveCfg = Release|Any CPU
		{075330BA-7758-48AE-9FA8-CE93E5ECD8E1}.Release|Any CPU.Build.0 = Release|Any CPU
		{3E43643B-10F6-4ECC-8792-F75BCE536053}.Debug|Any CPU.ActiveCfg = Debug|Any CPU
		{3E43643B-10F6-4ECC-8792-F75BCE536053}.Debug|Any CPU.Build.0 = Debug|Any CPU
		{3E43643B-10F6-4ECC-8792-F75BCE536053}.Release|Any CPU.ActiveCfg = Release|Any CPU
		{3E43643B-10F6-4ECC-8792-F75BCE536053}.Release|Any CPU.Build.0 = Release|Any CPU
		{5C535C4D-8FF7-4335-993A-D9649F6D28BE}.Debug|Any CPU.ActiveCfg = Debug|Any CPU
		{5C535C4D-8FF7-4335-993A-D9649F6D28BE}.Debug|Any CPU.Build.0 = Debug|Any CPU
		{5C535C4D-8FF7-4335-993A-D9649F6D28BE}.Release|Any CPU.ActiveCfg = Release|Any CPU
		{5C535C4D-8FF7-4335-993A-D9649F6D28BE}.Release|Any CPU.Build.0 = Release|Any CPU
	EndGlobalSection
	GlobalSection(SolutionProperties) = preSolution
		HideSolutionNode = FALSE
	EndGlobalSection
	GlobalSection(ExtensibilityGlobals) = postSolution
		SolutionGuid = {ED18B7C4-5E81-4E7F-B00A-1BEDF0967476}
	EndGlobalSection
EndGlobal
