
Microsoft Visual Studio Solution File, Format Version 12.00
# Visual Studio Version 16
VisualStudioVersion = 16.0.31205.134
MinimumVisualStudioVersion = 10.0.40219.1
Project("{9A19103F-16F7-4668-BE54-9A1E7A4F7556}") = "WebApplication.Data", "LabReservation.Data\WebApplication.Data.csproj", "{5C535C4D-8FF7-4335-993A-D9649F6D28BE}"
EndProject
Project("{9A19103F-16F7-4668-BE54-9A1E7A4F7556}") = "WebApplication.API", "WebApplication.API\WebApplication.API.csproj", "{133DA4E6-FFE4-4E42-BA4B-B40BA37AB4AD}"
EndProject
Project("{FAE04EC0-301F-11D3-BF4B-00C04F79EFBC}") = "WebApplication.Services", "WebApplication.Services\WebApplication.Services.csproj", "{CED4C7BE-9D3A-48C0-91D1-C431710D77B1}"
EndProject
Global
	GlobalSection(SolutionConfigurationPlatforms) = preSolution
		Debug|Any CPU = Debug|Any CPU
		Release|Any CPU = Release|Any CPU
	EndGlobalSection
	GlobalSection(ProjectConfigurationPlatforms) = postSolution
		{5C535C4D-8FF7-4335-993A-D9649F6D28BE}.Debug|Any CPU.ActiveCfg = Debug|Any CPU
		{5C535C4D-8FF7-4335-993A-D9649F6D28BE}.Debug|Any CPU.Build.0 = Debug|Any CPU
		{5C535C4D-8FF7-4335-993A-D9649F6D28BE}.Release|Any CPU.ActiveCfg = Release|Any CPU
		{5C535C4D-8FF7-4335-993A-D9649F6D28BE}.Release|Any CPU.Build.0 = Release|Any CPU
		{133DA4E6-FFE4-4E42-BA4B-B40BA37AB4AD}.Debug|Any CPU.ActiveCfg = Debug|Any CPU
		{133DA4E6-FFE4-4E42-BA4B-B40BA37AB4AD}.Debug|Any CPU.Build.0 = Debug|Any CPU
		{133DA4E6-FFE4-4E42-BA4B-B40BA37AB4AD}.Release|Any CPU.ActiveCfg = Release|Any CPU
		{133DA4E6-FFE4-4E42-BA4B-B40BA37AB4AD}.Release|Any CPU.Build.0 = Release|Any CPU
		{CED4C7BE-9D3A-48C0-91D1-C431710D77B1}.Debug|Any CPU.ActiveCfg = Debug|Any CPU
		{CED4C7BE-9D3A-48C0-91D1-C431710D77B1}.Debug|Any CPU.Build.0 = Debug|Any CPU
		{CED4C7BE-9D3A-48C0-91D1-C431710D77B1}.Release|Any CPU.ActiveCfg = Release|Any CPU
		{CED4C7BE-9D3A-48C0-91D1-C431710D77B1}.Release|Any CPU.Build.0 = Release|Any CPU
	EndGlobalSection
	GlobalSection(SolutionProperties) = preSolution
		HideSolutionNode = FALSE
	EndGlobalSection
	GlobalSection(ExtensibilityGlobals) = postSolution
		SolutionGuid = {ED18B7C4-5E81-4E7F-B00A-1BEDF0967476}
	EndGlobalSection
EndGlobal
